
Microsoft Visual Studio Solution File, Format Version 12.00
# Visual Studio Version 17
VisualStudioVersion = 17.7.34024.191
MinimumVisualStudioVersion = 10.0.40219.1
Project("{8BC9CEB8-8B4A-11D0-8D11-00A0C91BC942}") = "Laba 5.1", "Laba 5.1\Laba 5.1.vcxproj", "{F8362C26-2C2A-481D-B566-2A2E3317CF5C}"
EndProject
Project("{8BC9CEB8-8B4A-11D0-8D11-00A0C91BC942}") = "UnitTest1", "UnitTest1\UnitTest1.vcxproj", "{22E405E3-DEFA-4D5D-BAD3-68C72E9612F0}"
EndProject
Global
	GlobalSection(SolutionConfigurationPlatforms) = preSolution
		Debug|x64 = Debug|x64
		Debug|x86 = Debug|x86
		Release|x64 = Release|x64
		Release|x86 = Release|x86
	EndGlobalSection
	GlobalSection(ProjectConfigurationPlatforms) = postSolution
		{F8362C26-2C2A-481D-B566-2A2E3317CF5C}.Debug|x64.ActiveCfg = Debug|x64
		{F8362C26-2C2A-481D-B566-2A2E3317CF5C}.Debug|x64.Build.0 = Debug|x64
		{F8362C26-2C2A-481D-B566-2A2E3317CF5C}.Debug|x86.ActiveCfg = Debug|Win32
		{F8362C26-2C2A-481D-B566-2A2E3317CF5C}.Debug|x86.Build.0 = Debug|Win32
		{F8362C26-2C2A-481D-B566-2A2E3317CF5C}.Release|x64.ActiveCfg = Release|x64
		{F8362C26-2C2A-481D-B566-2A2E3317CF5C}.Release|x64.Build.0 = Release|x64
		{F8362C26-2C2A-481D-B566-2A2E3317CF5C}.Release|x86.ActiveCfg = Release|Win32
		{F8362C26-2C2A-481D-B566-2A2E3317CF5C}.Release|x86.Build.0 = Release|Win32
		{22E405E3-DEFA-4D5D-BAD3-68C72E9612F0}.Debug|x64.ActiveCfg = Debug|x64
		{22E405E3-DEFA-4D5D-BAD3-68C72E9612F0}.Debug|x64.Build.0 = Debug|x64
		{22E405E3-DEFA-4D5D-BAD3-68C72E9612F0}.Debug|x86.ActiveCfg = Debug|Win32
		{22E405E3-DEFA-4D5D-BAD3-68C72E9612F0}.Debug|x86.Build.0 = Debug|Win32
		{22E405E3-DEFA-4D5D-BAD3-68C72E9612F0}.Release|x64.ActiveCfg = Release|x64
		{22E405E3-DEFA-4D5D-BAD3-68C72E9612F0}.Release|x64.Build.0 = Release|x64
		{22E405E3-DEFA-4D5D-BAD3-68C72E9612F0}.Release|x86.ActiveCfg = Release|Win32
		{22E405E3-DEFA-4D5D-BAD3-68C72E9612F0}.Release|x86.Build.0 = Release|Win32
	EndGlobalSection
	GlobalSection(SolutionProperties) = preSolution
		HideSolutionNode = FALSE
	EndGlobalSection
	GlobalSection(ExtensibilityGlobals) = postSolution
		SolutionGuid = {5E821FD2-7FE9-4019-922B-819392C30484}
	EndGlobalSection
EndGlobal
